
Microsoft Visual Studio Solution File, Format Version 12.00
# Visual Studio Version 17
VisualStudioVersion = 17.7.34221.43
MinimumVisualStudioVersion = 10.0.40219.1
Project("{9A19103F-16F7-4668-BE54-9A1E7A4F7556}") = "TH.DapperIdentity.Core", "TH.DapperIdentity.Core\TH.DapperIdentity.Core.csproj", "{C7396D30-C3C8-44DE-B22C-07004817997F}"
EndProject
Project("{9A19103F-16F7-4668-BE54-9A1E7A4F7556}") = "TH.DapperIdentity.SqlServer", "TH.DapperIdentity.SqlServer\TH.DapperIdentity.SqlServer.csproj", "{ECFB6B93-260F-4BF4-B25A-2332FF0BA2A7}"
EndProject
Global
	GlobalSection(SolutionConfigurationPlatforms) = preSolution
		Debug|Any CPU = Debug|Any CPU
		Release|Any CPU = Release|Any CPU
	EndGlobalSection
	GlobalSection(ProjectConfigurationPlatforms) = postSolution
		{C7396D30-C3C8-44DE-B22C-07004817997F}.Debug|Any CPU.ActiveCfg = Debug|Any CPU
		{C7396D30-C3C8-44DE-B22C-07004817997F}.Debug|Any CPU.Build.0 = Debug|Any CPU
		{C7396D30-C3C8-44DE-B22C-07004817997F}.Release|Any CPU.ActiveCfg = Release|Any CPU
		{C7396D30-C3C8-44DE-B22C-07004817997F}.Release|Any CPU.Build.0 = Release|Any CPU
		{ECFB6B93-260F-4BF4-B25A-2332FF0BA2A7}.Debug|Any CPU.ActiveCfg = Debug|Any CPU
		{ECFB6B93-260F-4BF4-B25A-2332FF0BA2A7}.Debug|Any CPU.Build.0 = Debug|Any CPU
		{ECFB6B93-260F-4BF4-B25A-2332FF0BA2A7}.Release|Any CPU.ActiveCfg = Release|Any CPU
		{ECFB6B93-260F-4BF4-B25A-2332FF0BA2A7}.Release|Any CPU.Build.0 = Release|Any CPU
	EndGlobalSection
	GlobalSection(SolutionProperties) = preSolution
		HideSolutionNode = FALSE
	EndGlobalSection
	GlobalSection(ExtensibilityGlobals) = postSolution
		SolutionGuid = {36C587D6-ABE9-4A47-A690-A34B45BEDFEA}
	EndGlobalSection
EndGlobal
